{
  "name": "scalebrowser-example-node",
  "lockfileVersion": 3,
  "requires": true,
  "packages": {
    "": {
      "name": "scalebrowser-example-node",
      "dependencies": {
        "@scalebrowser/sdk": "0.7.0"
      }
    },
    "node_modules/@scalebrowser/sdk": {
      "version": "0.7.0",
      "resolved": "https://registry.npmjs.org/@scalebrowser/sdk/-/sdk-0.7.0.tgz",
      "integrity": "sha512-4RhIy8C0B7Ty4iTbTpaK6UHQ4Jc5pJGoEgvW4LD7Zlaqd9NbBuisZH3d10ZZIloWjcXf438BbGRo6LEyugKQIw==",
      "license": "MIT",
      "dependencies": {
        "ws": "^8.18.0"
      },
      "engines": {
        "node": ">=18"
      }
    },
    "node_modules/ws": {
      "version": "8.21.3",
      "resolved": "https://registry.npmjs.org/ws/-/ws-8.21.3.tgz",
      "integrity": "sha512-201TZ/kPWxoPr/OKWjquZR1SWKXcvxdH+e1xrx89b3YbmzLMFCLfnaG1HFIgWzJOEWZ7MvpK++odZufgYR50Rw==",
      "license": "MIT",
      "engines": {
        "node": ">=10.0.0"
      },
      "peerDependencies": {
        "bufferutil": "^4.0.1",
        "utf-8-validate": ">=5.0.2"
      },
      "peerDependenciesMeta": {
        "bufferutil": {
          "optional": true
        },
        "utf-8-validate": {
          "optional": true
        }
      }
    }
  }
}
